
Microsoft Visual Studio Solution File, Format Version 12.00
# Visual Studio Version 17
VisualStudioVersion = 17.6.33829.357
MinimumVisualStudioVersion = 10.0.40219.1
Project("{FAE04EC0-301F-11D3-BF4B-00C04F79EFBC}") = "MuffinServer", "MuffinServer.csproj", "{D73BFA4B-0A76-40C4-89E9-5C718AD61AC0}"
EndProject
Global
	GlobalSection(SolutionConfigurationPlatforms) = preSolution
		Debug|Any CPU = Debug|Any CPU
		Release|Any CPU = Release|Any CPU
	EndGlobalSection
	GlobalSection(ProjectConfigurationPlatforms) = postSolution
		{D73BFA4B-0A76-40C4-89E9-5C718AD61AC0}.Debug|Any CPU.ActiveCfg = Debug|Any CPU
		{D73BFA4B-0A76-40C4-89E9-5C718AD61AC0}.Debug|Any CPU.Build.0 = Debug|Any CPU
		{D73BFA4B-0A76-40C4-89E9-5C718AD61AC0}.Release|Any CPU.ActiveCfg = Release|Any CPU
		{D73BFA4B-0A76-40C4-89E9-5C718AD61AC0}.Release|Any CPU.Build.0 = Release|Any CPU
	EndGlobalSection
	GlobalSection(SolutionProperties) = preSolution
		HideSolutionNode = FALSE
	EndGlobalSection
	GlobalSection(ExtensibilityGlobals) = postSolution
		SolutionGuid = {629482FD-0926-42C0-9A4A-0B05243A26AF}
	EndGlobalSection
EndGlobal
